
Microsoft Visual Studio Solution File, Format Version 12.00
# Visual Studio Version 17
VisualStudioVersion = 17.6.33815.320
MinimumVisualStudioVersion = 10.0.40219.1
Project("{FAE04EC0-301F-11D3-BF4B-00C04F79EFBC}") = "TradingApi", "TradingApi\TradingApi.csproj", "{D6A76FE3-6A51-4A04-82D3-ADED22BC9385}"
EndProject
Global
	GlobalSection(SolutionConfigurationPlatforms) = preSolution
		Debug|Any CPU = Debug|Any CPU
		Release|Any CPU = Release|Any CPU
	EndGlobalSection
	GlobalSection(ProjectConfigurationPlatforms) = postSolution
		{D6A76FE3-6A51-4A04-82D3-ADED22BC9385}.Debug|Any CPU.ActiveCfg = Debug|Any CPU
		{D6A76FE3-6A51-4A04-82D3-ADED22BC9385}.Debug|Any CPU.Build.0 = Debug|Any CPU
		{D6A76FE3-6A51-4A04-82D3-ADED22BC9385}.Release|Any CPU.ActiveCfg = Release|Any CPU
		{D6A76FE3-6A51-4A04-82D3-ADED22BC9385}.Release|Any CPU.Build.0 = Release|Any CPU
	EndGlobalSection
	GlobalSection(SolutionProperties) = preSolution
		HideSolutionNode = FALSE
	EndGlobalSection
	GlobalSection(ExtensibilityGlobals) = postSolution
		SolutionGuid = {6B00A1EC-26E7-4035-8050-666AE290EE51}
	EndGlobalSection
EndGlobal
