
Microsoft Visual Studio Solution File, Format Version 12.00
# Visual Studio Version 17
VisualStudioVersion = 17.6.33815.320
MinimumVisualStudioVersion = 10.0.40219.1
Project("{9A19103F-16F7-4668-BE54-9A1E7A4F7556}") = "sansidalgo", "sansidalgo\sansidalgo.csproj", "{1AED5D70-4C9D-470F-970B-F266300FC72E}"
EndProject
Project("{9A19103F-16F7-4668-BE54-9A1E7A4F7556}") = "sansidalgo.core", "sansidalgo.core\sansidalgo.core.csproj", "{CBE495D4-2AF4-463C-9347-F0C576A02E8D}"
EndProject
Project("{9A19103F-16F7-4668-BE54-9A1E7A4F7556}") = "SansidAlgo.DataLayer", "SansidAlgo.DataLayer\SansidAlgo.DataLayer.csproj", "{802594E7-B63C-4A49-8A45-D4C57B18E73A}"
EndProject
Global
	GlobalSection(SolutionConfigurationPlatforms) = preSolution
		Debug|Any CPU = Debug|Any CPU
		Release|Any CPU = Release|Any CPU
	EndGlobalSection
	GlobalSection(ProjectConfigurationPlatforms) = postSolution
		{1AED5D70-4C9D-470F-970B-F266300FC72E}.Debug|Any CPU.ActiveCfg = Debug|Any CPU
		{1AED5D70-4C9D-470F-970B-F266300FC72E}.Debug|Any CPU.Build.0 = Debug|Any CPU
		{1AED5D70-4C9D-470F-970B-F266300FC72E}.Release|Any CPU.ActiveCfg = Release|Any CPU
		{1AED5D70-4C9D-470F-970B-F266300FC72E}.Release|Any CPU.Build.0 = Release|Any CPU
		{CBE495D4-2AF4-463C-9347-F0C576A02E8D}.Debug|Any CPU.ActiveCfg = Debug|Any CPU
		{CBE495D4-2AF4-463C-9347-F0C576A02E8D}.Debug|Any CPU.Build.0 = Debug|Any CPU
		{CBE495D4-2AF4-463C-9347-F0C576A02E8D}.Release|Any CPU.ActiveCfg = Release|Any CPU
		{CBE495D4-2AF4-463C-9347-F0C576A02E8D}.Release|Any CPU.Build.0 = Release|Any CPU
		{802594E7-B63C-4A49-8A45-D4C57B18E73A}.Debug|Any CPU.ActiveCfg = Debug|Any CPU
		{802594E7-B63C-4A49-8A45-D4C57B18E73A}.Debug|Any CPU.Build.0 = Debug|Any CPU
		{802594E7-B63C-4A49-8A45-D4C57B18E73A}.Release|Any CPU.ActiveCfg = Release|Any CPU
		{802594E7-B63C-4A49-8A45-D4C57B18E73A}.Release|Any CPU.Build.0 = Release|Any CPU
	EndGlobalSection
	GlobalSection(SolutionProperties) = preSolution
		HideSolutionNode = FALSE
	EndGlobalSection
	GlobalSection(ExtensibilityGlobals) = postSolution
		SolutionGuid = {6B00A1EC-26E7-4035-8050-666AE290EE51}
	EndGlobalSection
EndGlobal
